{
    "_readme": [
        "This file locks the dependencies of your project to a known state",
        "Read more about it at https://getcomposer.org/doc/01-basic-usage.md#installing-dependencies",
        "This file is @generated automatically"
    ],
    "content-hash": "5eb5c799ca12685c1d428838ee8623c9",
    "packages": [
        {
            "name": "authorizenet/authorizenet",
            "version": "2.0.0",
            "source": {
                "type": "git",
                "url": "https://github.com/AuthorizeNet/sdk-php.git",
                "reference": "7fa78e6397d363296e462c3b348573c17175b7a8"
            },
            "dist": {
                "type": "zip",
                "url": "https://api.github.com/repos/AuthorizeNet/sdk-php/zipball/7fa78e6397d363296e462c3b348573c17175b7a8",
                "reference": "7fa78e6397d363296e462c3b348573c17175b7a8",
                "shasum": ""
            },
            "require": {
                "ext-curl": "*",
                "ext-json": "*",
                "php": ">=5.6"
            },
            "require-dev": {
                "phpmd/phpmd": "~2.0",
                "phpunit/phpunit": "~4.0"
            },
            "type": "library",
            "autoload": {
                "classmap": [
                    "lib"
                ]
            },
            "notification-url": "https://packagist.org/downloads/",
            "license": [
                "proprietary"
            ],
            "description": "Official PHP SDK for Authorize.Net",
            "homepage": "http://developer.authorize.net",
            "keywords": [
                "authorize.net",
                "authorizenet",
                "ecommerce",
                "payment"
            ],
            "time": "2019-01-14T13:32:41+00:00"
        },
        {
            "name": "firephp/firephp-core",
            "version": "v0.5.2",
            "source": {
                "type": "git",
                "url": "https://github.com/firephp/firephp-core.git",
                "reference": "95c095f851ed491ad760a99a6f0a3e6bc42d3b42"
            },
            "dist": {
                "type": "zip",
                "url": "https://api.github.com/repos/firephp/firephp-core/zipball/95c095f851ed491ad760a99a6f0a3e6bc42d3b42",
                "reference": "95c095f851ed491ad760a99a6f0a3e6bc42d3b42",
                "shasum": ""
            },
            "require-dev": {
                "phpunit/phpunit": "^8"
            },
            "type": "library",
            "autoload": {
                "classmap": [
                    "lib/FirePHPCore/FirePHP.class.php",
                    "lib/FirePHPCore/FirePHP_TestWrapper.class.php",
                    "lib/FirePHPCore/fb.php"
                ],
                "files": [
                    "lib/FirePHPCore/fb.php"
                ]
            },
            "notification-url": "https://packagist.org/downloads/",
            "license": [
                "MIT"
            ],
            "authors": [
                {
                    "name": "Christoph Dorn",
                    "email": "christoph@christophdorn.com",
                    "homepage": "http://christophdorn.com"
                }
            ],
            "description": "Minimal library for sending PHP variables to browsers.",
            "homepage": "https://github.com/firephp/firephp-core",
            "time": "2019-09-09T06:48:23+00:00"
        },
        {
            "name": "setasign/fpdf",
            "version": "1.8.2",
            "source": {
                "type": "git",
                "url": "https://github.com/Setasign/FPDF.git",
                "reference": "d77904018090c17dc9f3ab6e944679a7a47e710a"
            },
            "dist": {
                "type": "zip",
                "url": "https://api.github.com/repos/Setasign/FPDF/zipball/d77904018090c17dc9f3ab6e944679a7a47e710a",
                "reference": "d77904018090c17dc9f3ab6e944679a7a47e710a",
                "shasum": ""
            },
            "type": "library",
            "autoload": {
                "classmap": [
                    "fpdf.php"
                ]
            },
            "notification-url": "https://packagist.org/downloads/",
            "license": [
                "MIT"
            ],
            "authors": [
                {
                    "name": "Olivier Plathey",
                    "email": "oliver@fpdf.org",
                    "homepage": "http://fpdf.org/"
                }
            ],
            "description": "FPDF is a PHP class which allows to generate PDF files with pure PHP. F from FPDF stands for Free: you may use it for any kind of usage and modify it to suit your needs.",
            "homepage": "http://www.fpdf.org",
            "keywords": [
                "fpdf",
                "pdf"
            ],
            "time": "2019-12-08T10:32:10+00:00"
        }
    ],
    "packages-dev": [],
    "aliases": [],
    "minimum-stability": "stable",
    "stability-flags": [],
    "prefer-stable": false,
    "prefer-lowest": false,
    "platform": [],
    "platform-dev": []
}
